
Microsoft Visual Studio Solution File, Format Version 12.00
# Visual Studio Version 16
VisualStudioVersion = 16.0.30225.117
MinimumVisualStudioVersion = 10.0.40219.1
Project("{FAE04EC0-301F-11D3-BF4B-00C04F79EFBC}") = "Nothing Fancy", "Nothing Fancy\Nothing Fancy.csproj", "{0EC762B6-07A9-45BA-83A5-7A5A726D932F}"
EndProject
Global
	GlobalSection(SolutionConfigurationPlatforms) = preSolution
		Debug|Any CPU = Debug|Any CPU
		Release|Any CPU = Release|Any CPU
	EndGlobalSection
	GlobalSection(ProjectConfigurationPlatforms) = postSolution
		{0EC762B6-07A9-45BA-83A5-7A5A726D932F}.Debug|Any CPU.ActiveCfg = Debug|Any CPU
		{0EC762B6-07A9-45BA-83A5-7A5A726D932F}.Debug|Any CPU.Build.0 = Debug|Any CPU
		{0EC762B6-07A9-45BA-83A5-7A5A726D932F}.Release|Any CPU.ActiveCfg = Release|Any CPU
		{0EC762B6-07A9-45BA-83A5-7A5A726D932F}.Release|Any CPU.Build.0 = Release|Any CPU
	EndGlobalSection
	GlobalSection(SolutionProperties) = preSolution
		HideSolutionNode = FALSE
	EndGlobalSection
	GlobalSection(ExtensibilityGlobals) = postSolution
		SolutionGuid = {EA12D5B4-2199-4E1B-B838-0D0E14E991DE}
	EndGlobalSection
EndGlobal
